{
    "_readme": [
        "This file locks the dependencies of your project to a known state",
        "Read more about it at https://getcomposer.org/doc/01-basic-usage.md#installing-dependencies",
        "This file is @generated automatically"
    ],
    "content-hash": "f4e8a4d8d6429691950b605c16daedeb",
    "packages": [
        {
            "name": "illuminate/container",
            "version": "dev-master",
            "source": {
                "type": "git",
                "url": "https://github.com/illuminate/container.git",
                "reference": "28ba5eb7a9a975655fdb81fc88ba2a63986d522e"
            },
            "dist": {
                "type": "zip",
                "url": "https://api.github.com/repos/illuminate/container/zipball/28ba5eb7a9a975655fdb81fc88ba2a63986d522e",
                "reference": "28ba5eb7a9a975655fdb81fc88ba2a63986d522e",
                "shasum": ""
            },
            "require": {
                "illuminate/contracts": "^8.0",
                "php": "^7.3",
                "psr/container": "^1.0"
            },
            "provide": {
                "psr/container-implementation": "1.0"
            },
            "type": "library",
            "extra": {
                "branch-alias": {
                    "dev-master": "8.x-dev"
                }
            },
            "autoload": {
                "psr-4": {
                    "Illuminate\\Container\\": ""
                }
            },
            "notification-url": "https://packagist.org/downloads/",
            "license": [
                "MIT"
            ],
            "authors": [
                {
                    "name": "Taylor Otwell",
                    "email": "taylor@laravel.com"
                }
            ],
            "description": "The Illuminate Container package.",
            "homepage": "https://laravel.com",
            "time": "2020-06-11T14:30:11+00:00"
        },
        {
            "name": "illuminate/contracts",
            "version": "dev-master",
            "source": {
                "type": "git",
                "url": "https://github.com/illuminate/contracts.git",
                "reference": "a5bfbc33cdbeeabe07c1f696f2a1169d4a56e324"
            },
            "dist": {
                "type": "zip",
                "url": "https://api.github.com/repos/illuminate/contracts/zipball/a5bfbc33cdbeeabe07c1f696f2a1169d4a56e324",
                "reference": "a5bfbc33cdbeeabe07c1f696f2a1169d4a56e324",
                "shasum": ""
            },
            "require": {
                "php": "^7.3",
                "psr/container": "^1.0",
                "psr/simple-cache": "^1.0"
            },
            "type": "library",
            "extra": {
                "branch-alias": {
                    "dev-master": "8.x-dev"
                }
            },
            "autoload": {
                "psr-4": {
                    "Illuminate\\Contracts\\": ""
                }
            },
            "notification-url": "https://packagist.org/downloads/",
            "license": [
                "MIT"
            ],
            "authors": [
                {
                    "name": "Taylor Otwell",
                    "email": "taylor@laravel.com"
                }
            ],
            "description": "The Illuminate Contracts package.",
            "homepage": "https://laravel.com",
            "time": "2020-06-08T14:13:16+00:00"
        },
        {
            "name": "illuminate/database",
            "version": "v1.1.1",
            "source": {
                "type": "git",
                "url": "https://github.com/illuminate/database.git",
                "reference": "50eb3a77e2fac0acb3a9e0bd03ed1fe04191ebf6"
            },
            "dist": {
                "type": "zip",
                "url": "https://api.github.com/repos/illuminate/database/zipball/50eb3a77e2fac0acb3a9e0bd03ed1fe04191ebf6",
                "reference": "50eb3a77e2fac0acb3a9e0bd03ed1fe04191ebf6",
                "shasum": ""
            },
            "require": {
                "illuminate/events": ">=1.0.0",
                "illuminate/support": ">=1.0.0",
                "php": ">=5.3.0"
            },
            "require-dev": {
                "illuminate/console": ">=1.0.0",
                "illuminate/filesystem": ">=1.0.0",
                "illuminate/pagination": ">=1.0.0",
                "illuminate/support": ">=1.0.0",
                "mockery/mockery": "0.7.2"
            },
            "type": "library",
            "autoload": {
                "psr-0": {
                    "Illuminate\\Database": "src/"
                }
            },
            "notification-url": "https://packagist.org/downloads/",
            "authors": [
                {
                    "name": "Taylor Otwell",
                    "email": "taylorotwell@gmail.com",
                    "homepage": "https://github.com/taylorotwell",
                    "role": "Creator of Laravel"
                }
            ],
            "description": "An elegant database abstraction library.",
            "keywords": [
                "laravel"
            ],
            "time": "2012-12-05T20:02:04+00:00"
        },
        {
            "name": "illuminate/events",
            "version": "v1.1.0",
            "source": {
                "type": "git",
                "url": "https://github.com/illuminate/events.git",
                "reference": "2fffb799b3eaa202bd06c42b38460d1762787c80"
            },
            "dist": {
                "type": "zip",
                "url": "https://api.github.com/repos/illuminate/events/zipball/2fffb799b3eaa202bd06c42b38460d1762787c80",
                "reference": "2fffb799b3eaa202bd06c42b38460d1762787c80",
                "shasum": ""
            },
            "require": {
                "illuminate/container": ">=1.0.0",
                "illuminate/support": ">=1.0.0",
                "php": ">=5.3.0"
            },
            "require-dev": {
                "mockery/mockery": "0.7.2"
            },
            "type": "library",
            "autoload": {
                "psr-0": {
                    "Illuminate\\Events": "src/"
                }
            },
            "notification-url": "https://packagist.org/downloads/",
            "authors": [
                {
                    "name": "Taylor Otwell",
                    "email": "taylorotwell@gmail.com",
                    "homepage": "https://github.com/taylorotwell",
                    "role": "Creator of Laravel"
                }
            ],
            "description": "A simple, powerful events system.",
            "time": "2012-11-25T19:47:40+00:00"
        },
        {
            "name": "illuminate/support",
            "version": "v1.1.2",
            "source": {
                "type": "git",
                "url": "https://github.com/illuminate/support.git",
                "reference": "8bccea66b54a1df0c034b5cba64e8bc36bd5d4b7"
            },
            "dist": {
                "type": "zip",
                "url": "https://api.github.com/repos/illuminate/support/zipball/8bccea66b54a1df0c034b5cba64e8bc36bd5d4b7",
                "reference": "8bccea66b54a1df0c034b5cba64e8bc36bd5d4b7",
                "shasum": ""
            },
            "require": {
                "php": ">=5.3.0"
            },
            "type": "library",
            "autoload": {
                "psr-0": {
                    "Illuminate\\Support": "src/"
                },
                "files": [
                    "src/helpers.php"
                ]
            },
            "notification-url": "https://packagist.org/downloads/",
            "authors": [
                {
                    "name": "Taylor Otwell",
                    "email": "taylorotwell@gmail.com",
                    "homepage": "https://github.com/taylorotwell",
                    "role": "Creator of Laravel"
                }
            ],
            "description": "Various utilities and support functions.",
            "time": "2012-12-07T17:38:25+00:00"
        },
        {
            "name": "psr/container",
            "version": "dev-master",
            "source": {
                "type": "git",
                "url": "https://github.com/php-fig/container.git",
                "reference": "fc1bc363ecf887921e3897c7b1dad3587ae154eb"
            },
            "dist": {
                "type": "zip",
                "url": "https://api.github.com/repos/php-fig/container/zipball/fc1bc363ecf887921e3897c7b1dad3587ae154eb",
                "reference": "fc1bc363ecf887921e3897c7b1dad3587ae154eb",
                "shasum": ""
            },
            "require": {
                "php": ">=5.3.0"
            },
            "type": "library",
            "extra": {
                "branch-alias": {
                    "dev-master": "1.0.x-dev"
                }
            },
            "autoload": {
                "psr-4": {
                    "Psr\\Container\\": "src/"
                }
            },
            "notification-url": "https://packagist.org/downloads/",
            "license": [
                "MIT"
            ],
            "authors": [
                {
                    "name": "PHP-FIG",
                    "homepage": "http://www.php-fig.org/"
                }
            ],
            "description": "Common Container Interface (PHP FIG PSR-11)",
            "homepage": "https://github.com/php-fig/container",
            "keywords": [
                "PSR-11",
                "container",
                "container-interface",
                "container-interop",
                "psr"
            ],
            "time": "2019-10-04T14:07:35+00:00"
        },
        {
            "name": "psr/simple-cache",
            "version": "dev-master",
            "source": {
                "type": "git",
                "url": "https://github.com/php-fig/simple-cache.git",
                "reference": "5a7b96b1dda5d957e01bc1bfe77dcca09c5a7474"
            },
            "dist": {
                "type": "zip",
                "url": "https://api.github.com/repos/php-fig/simple-cache/zipball/5a7b96b1dda5d957e01bc1bfe77dcca09c5a7474",
                "reference": "5a7b96b1dda5d957e01bc1bfe77dcca09c5a7474",
                "shasum": ""
            },
            "require": {
                "php": ">=5.3.0"
            },
            "type": "library",
            "extra": {
                "branch-alias": {
                    "dev-master": "1.0.x-dev"
                }
            },
            "autoload": {
                "psr-4": {
                    "Psr\\SimpleCache\\": "src/"
                }
            },
            "notification-url": "https://packagist.org/downloads/",
            "license": [
                "MIT"
            ],
            "authors": [
                {
                    "name": "PHP-FIG",
                    "homepage": "http://www.php-fig.org/"
                }
            ],
            "description": "Common interfaces for simple caching",
            "keywords": [
                "cache",
                "caching",
                "psr",
                "psr-16",
                "simple-cache"
            ],
            "time": "2020-04-21T06:43:17+00:00"
        }
    ],
    "packages-dev": [],
    "aliases": [],
    "minimum-stability": "dev",
    "stability-flags": [],
    "prefer-stable": false,
    "prefer-lowest": false,
    "platform": {
        "php": "^7.2.5"
    },
    "platform-dev": [],
    "plugin-api-version": "1.1.0"
}
